
Microsoft Visual Studio Solution File, Format Version 12.00
# Visual Studio Version 17
VisualStudioVersion = 17.7.34009.444
MinimumVisualStudioVersion = 10.0.40219.1
Project("{2150E333-8FDC-42A3-9474-1A3956D46DE8}") = "Services", "Services", "{06853797-1C26-4DD0-A547-37763FE6FAD4}"
EndProject
Project("{2150E333-8FDC-42A3-9474-1A3956D46DE8}") = "WebApps", "WebApps", "{9C898A4D-738D-4ADF-A3B0-CF3E2616DCA4}"
EndProject
Project("{2150E333-8FDC-42A3-9474-1A3956D46DE8}") = "Cadastros", "Cadastros", "{AC405EB9-3B9B-4E4F-9F16-D07B69E02E4D}"
EndProject
Project("{2150E333-8FDC-42A3-9474-1A3956D46DE8}") = "Catalogos", "Catalogos", "{C6906AC1-A9C5-452C-951E-4378C5C5EA57}"
EndProject
Project("{2150E333-8FDC-42A3-9474-1A3956D46DE8}") = "Core", "Core", "{BEC51AEB-8E53-493B-A563-594B2D16976F}"
EndProject
Project("{2150E333-8FDC-42A3-9474-1A3956D46DE8}") = "Fiscais", "Fiscais", "{B5850F03-91A8-4BB2-A810-36F780E299C3}"
EndProject
Project("{2150E333-8FDC-42A3-9474-1A3956D46DE8}") = "Pagamentos", "Pagamentos", "{4059E879-4AB4-4A86-B582-C0FB48937D89}"
EndProject
Project("{2150E333-8FDC-42A3-9474-1A3956D46DE8}") = "Vendas", "Vendas", "{EBD81BF6-57A5-475C-BD87-7890CCFA120B}"
EndProject
Project("{9A19103F-16F7-4668-BE54-9A1E7A4F7556}") = "NewNerdStore.Catalogos.Domain", "src\NewNerdStore.Catalogos.Domain\NewNerdStore.Catalogos.Domain.csproj", "{FC3A9D65-AB34-43D2-A5BA-BAF47D7907DE}"
EndProject
Project("{9A19103F-16F7-4668-BE54-9A1E7A4F7556}") = "NewNerdStore.Core", "src\NewNerdStore.Core\NewNerdStore.Core.csproj", "{81F69A99-DF68-4427-845D-E80B703FCCF2}"
EndProject
Project("{2150E333-8FDC-42A3-9474-1A3956D46DE8}") = "Tests", "Tests", "{31A9E002-B5F2-4A29-88FC-F38E3BE1D481}"
EndProject
Project("{9A19103F-16F7-4668-BE54-9A1E7A4F7556}") = "NewNerdStore.Catalogos.Domain.Tests", "tests\NewNerdStore.Catalogos.Domain.Tests\NewNerdStore.Catalogos.Domain.Tests.csproj", "{AE52C16D-9465-42CD-9ABE-F858BB3FCE8B}"
EndProject
Project("{2150E333-8FDC-42A3-9474-1A3956D46DE8}") = "Domain", "Domain", "{7EA7C187-9C6E-4B56-ACDB-D90351F1CAF2}"
EndProject
Project("{2150E333-8FDC-42A3-9474-1A3956D46DE8}") = "Infra", "Infra", "{EF1C4D75-2A03-4903-ACC3-BAE6FACA04D3}"
EndProject
Project("{9A19103F-16F7-4668-BE54-9A1E7A4F7556}") = "NewNerdStore.Catalogos.Infra", "src\NewNerdStore.Catalogos.Infra\NewNerdStore.Catalogos.Infra.csproj", "{5375292C-E9AE-4DE2-84AB-DACB725AB7F3}"
EndProject
Project("{2150E333-8FDC-42A3-9474-1A3956D46DE8}") = "Application", "Application", "{D60AF271-29B1-4C5D-9BB5-9A061E1FFC19}"
EndProject
Project("{9A19103F-16F7-4668-BE54-9A1E7A4F7556}") = "NewNerdStore.Catalogos.Application", "src\NewNerdStore.Catalogos.Application\NewNerdStore.Catalogos.Application.csproj", "{A10489A6-D7CD-4C36-9107-DD6B1AEF0C3D}"
EndProject
Project("{9A19103F-16F7-4668-BE54-9A1E7A4F7556}") = "NewNerdStore.WebApp.MVC", "src\NewNerdStore.WebApp.MVC\NewNerdStore.WebApp.MVC.csproj", "{73EA8F1D-4980-4B50-88BB-8EC3B0D86662}"
EndProject
Project("{2150E333-8FDC-42A3-9474-1A3956D46DE8}") = "Domain", "Domain", "{9D3882EB-930C-4FA0-9CDC-1B0C4115DFA2}"
EndProject
Project("{2150E333-8FDC-42A3-9474-1A3956D46DE8}") = "Application", "Application", "{2F7502D5-7F23-4BC5-92AA-8BDD99C4173D}"
EndProject
Project("{2150E333-8FDC-42A3-9474-1A3956D46DE8}") = "Infra", "Infra", "{626B17BD-02D6-429D-961B-2B3153C31FDE}"
EndProject
Project("{2150E333-8FDC-42A3-9474-1A3956D46DE8}") = "Tests", "Tests", "{1F436A12-76E3-4C6A-B4B2-BA4BB88B04C7}"
EndProject
Project("{9A19103F-16F7-4668-BE54-9A1E7A4F7556}") = "NewNerdStore.Vendas.Domain", "src\NewNerdStore.Vendas.Domain\NewNerdStore.Vendas.Domain.csproj", "{B900194D-217B-43FC-A31F-89864805D69F}"
EndProject
Project("{9A19103F-16F7-4668-BE54-9A1E7A4F7556}") = "NewNerdStore.Vendas.Application", "src\NewNerdStore.Vendas.Application\NewNerdStore.Vendas.Application.csproj", "{22EC45E4-2218-4EA7-9A39-FAF167AD1E8F}"
EndProject
Project("{9A19103F-16F7-4668-BE54-9A1E7A4F7556}") = "NewNerdStore.Vendas.Infra", "src\NewNerdStore.Vendas.Infra\NewNerdStore.Vendas.Infra.csproj", "{5981C0A4-EA9E-4E88-BD24-38E317DB3C4B}"
EndProject
Project("{FAE04EC0-301F-11D3-BF4B-00C04F79EFBC}") = "NewNerdStore.Pagamentos.AntiCorruption", "src\NewNerdStore.Pagamentos.AntiCorruption\NewNerdStore.Pagamentos.AntiCorruption.csproj", "{5EBCC70B-0D8B-472F-9B2C-77C2F3FF461C}"
EndProject
Project("{FAE04EC0-301F-11D3-BF4B-00C04F79EFBC}") = "NewNerdStore.Pagamentos.Business", "src\NewNerdStore.Pagamentos.Business\NewNerdStore.Pagamentos.Business.csproj", "{0AFB1351-C776-457F-BECB-A950F70B2707}"
EndProject
Project("{FAE04EC0-301F-11D3-BF4B-00C04F79EFBC}") = "NewNerdStore.Pagamentos.Data", "src\NewNerdStore.Pagamentos.Data\NewNerdStore.Pagamentos.Data.csproj", "{9008720C-06DC-4A7B-A9B3-DD0A31926289}"
EndProject
Global
	GlobalSection(SolutionConfigurationPlatforms) = preSolution
		Debug|Any CPU = Debug|Any CPU
		Release|Any CPU = Release|Any CPU
	EndGlobalSection
	GlobalSection(ProjectConfigurationPlatforms) = postSolution
		{FC3A9D65-AB34-43D2-A5BA-BAF47D7907DE}.Debug|Any CPU.ActiveCfg = Debug|Any CPU
		{FC3A9D65-AB34-43D2-A5BA-BAF47D7907DE}.Debug|Any CPU.Build.0 = Debug|Any CPU
		{FC3A9D65-AB34-43D2-A5BA-BAF47D7907DE}.Release|Any CPU.ActiveCfg = Release|Any CPU
		{FC3A9D65-AB34-43D2-A5BA-BAF47D7907DE}.Release|Any CPU.Build.0 = Release|Any CPU
		{81F69A99-DF68-4427-845D-E80B703FCCF2}.Debug|Any CPU.ActiveCfg = Debug|Any CPU
		{81F69A99-DF68-4427-845D-E80B703FCCF2}.Debug|Any CPU.Build.0 = Debug|Any CPU
		{81F69A99-DF68-4427-845D-E80B703FCCF2}.Release|Any CPU.ActiveCfg = Release|Any CPU
		{81F69A99-DF68-4427-845D-E80B703FCCF2}.Release|Any CPU.Build.0 = Release|Any CPU
		{AE52C16D-9465-42CD-9ABE-F858BB3FCE8B}.Debug|Any CPU.ActiveCfg = Debug|Any CPU
		{AE52C16D-9465-42CD-9ABE-F858BB3FCE8B}.Debug|Any CPU.Build.0 = Debug|Any CPU
		{AE52C16D-9465-42CD-9ABE-F858BB3FCE8B}.Release|Any CPU.ActiveCfg = Release|Any CPU
		{AE52C16D-9465-42CD-9ABE-F858BB3FCE8B}.Release|Any CPU.Build.0 = Release|Any CPU
		{5375292C-E9AE-4DE2-84AB-DACB725AB7F3}.Debug|Any CPU.ActiveCfg = Debug|Any CPU
		{5375292C-E9AE-4DE2-84AB-DACB725AB7F3}.Debug|Any CPU.Build.0 = Debug|Any CPU
		{5375292C-E9AE-4DE2-84AB-DACB725AB7F3}.Release|Any CPU.ActiveCfg = Release|Any CPU
		{5375292C-E9AE-4DE2-84AB-DACB725AB7F3}.Release|Any CPU.Build.0 = Release|Any CPU
		{A10489A6-D7CD-4C36-9107-DD6B1AEF0C3D}.Debug|Any CPU.ActiveCfg = Debug|Any CPU
		{A10489A6-D7CD-4C36-9107-DD6B1AEF0C3D}.Debug|Any CPU.Build.0 = Debug|Any CPU
		{A10489A6-D7CD-4C36-9107-DD6B1AEF0C3D}.Release|Any CPU.ActiveCfg = Release|Any CPU
		{A10489A6-D7CD-4C36-9107-DD6B1AEF0C3D}.Release|Any CPU.Build.0 = Release|Any CPU
		{73EA8F1D-4980-4B50-88BB-8EC3B0D86662}.Debug|Any CPU.ActiveCfg = Debug|Any CPU
		{73EA8F1D-4980-4B50-88BB-8EC3B0D86662}.Debug|Any CPU.Build.0 = Debug|Any CPU
		{73EA8F1D-4980-4B50-88BB-8EC3B0D86662}.Release|Any CPU.ActiveCfg = Release|Any CPU
		{73EA8F1D-4980-4B50-88BB-8EC3B0D86662}.Release|Any CPU.Build.0 = Release|Any CPU
		{B900194D-217B-43FC-A31F-89864805D69F}.Debug|Any CPU.ActiveCfg = Debug|Any CPU
		{B900194D-217B-43FC-A31F-89864805D69F}.Debug|Any CPU.Build.0 = Debug|Any CPU
		{B900194D-217B-43FC-A31F-89864805D69F}.Release|Any CPU.ActiveCfg = Release|Any CPU
		{B900194D-217B-43FC-A31F-89864805D69F}.Release|Any CPU.Build.0 = Release|Any CPU
		{22EC45E4-2218-4EA7-9A39-FAF167AD1E8F}.Debug|Any CPU.ActiveCfg = Debug|Any CPU
		{22EC45E4-2218-4EA7-9A39-FAF167AD1E8F}.Debug|Any CPU.Build.0 = Debug|Any CPU
		{22EC45E4-2218-4EA7-9A39-FAF167AD1E8F}.Release|Any CPU.ActiveCfg = Release|Any CPU
		{22EC45E4-2218-4EA7-9A39-FAF167AD1E8F}.Release|Any CPU.Build.0 = Release|Any CPU
		{5981C0A4-EA9E-4E88-BD24-38E317DB3C4B}.Debug|Any CPU.ActiveCfg = Debug|Any CPU
		{5981C0A4-EA9E-4E88-BD24-38E317DB3C4B}.Debug|Any CPU.Build.0 = Debug|Any CPU
		{5981C0A4-EA9E-4E88-BD24-38E317DB3C4B}.Release|Any CPU.ActiveCfg = Release|Any CPU
		{5981C0A4-EA9E-4E88-BD24-38E317DB3C4B}.Release|Any CPU.Build.0 = Release|Any CPU
		{5EBCC70B-0D8B-472F-9B2C-77C2F3FF461C}.Debug|Any CPU.ActiveCfg = Debug|Any CPU
		{5EBCC70B-0D8B-472F-9B2C-77C2F3FF461C}.Debug|Any CPU.Build.0 = Debug|Any CPU
		{5EBCC70B-0D8B-472F-9B2C-77C2F3FF461C}.Release|Any CPU.ActiveCfg = Release|Any CPU
		{5EBCC70B-0D8B-472F-9B2C-77C2F3FF461C}.Release|Any CPU.Build.0 = Release|Any CPU
		{0AFB1351-C776-457F-BECB-A950F70B2707}.Debug|Any CPU.ActiveCfg = Debug|Any CPU
		{0AFB1351-C776-457F-BECB-A950F70B2707}.Debug|Any CPU.Build.0 = Debug|Any CPU
		{0AFB1351-C776-457F-BECB-A950F70B2707}.Release|Any CPU.ActiveCfg = Release|Any CPU
		{0AFB1351-C776-457F-BECB-A950F70B2707}.Release|Any CPU.Build.0 = Release|Any CPU
		{9008720C-06DC-4A7B-A9B3-DD0A31926289}.Debug|Any CPU.ActiveCfg = Debug|Any CPU
		{9008720C-06DC-4A7B-A9B3-DD0A31926289}.Debug|Any CPU.Build.0 = Debug|Any CPU
		{9008720C-06DC-4A7B-A9B3-DD0A31926289}.Release|Any CPU.ActiveCfg = Release|Any CPU
		{9008720C-06DC-4A7B-A9B3-DD0A31926289}.Release|Any CPU.Build.0 = Release|Any CPU
	EndGlobalSection
	GlobalSection(SolutionProperties) = preSolution
		HideSolutionNode = FALSE
	EndGlobalSection
	GlobalSection(NestedProjects) = preSolution
		{AC405EB9-3B9B-4E4F-9F16-D07B69E02E4D} = {06853797-1C26-4DD0-A547-37763FE6FAD4}
		{C6906AC1-A9C5-452C-951E-4378C5C5EA57} = {06853797-1C26-4DD0-A547-37763FE6FAD4}
		{BEC51AEB-8E53-493B-A563-594B2D16976F} = {06853797-1C26-4DD0-A547-37763FE6FAD4}
		{B5850F03-91A8-4BB2-A810-36F780E299C3} = {06853797-1C26-4DD0-A547-37763FE6FAD4}
		{4059E879-4AB4-4A86-B582-C0FB48937D89} = {06853797-1C26-4DD0-A547-37763FE6FAD4}
		{EBD81BF6-57A5-475C-BD87-7890CCFA120B} = {06853797-1C26-4DD0-A547-37763FE6FAD4}
		{FC3A9D65-AB34-43D2-A5BA-BAF47D7907DE} = {7EA7C187-9C6E-4B56-ACDB-D90351F1CAF2}
		{81F69A99-DF68-4427-845D-E80B703FCCF2} = {BEC51AEB-8E53-493B-A563-594B2D16976F}
		{31A9E002-B5F2-4A29-88FC-F38E3BE1D481} = {C6906AC1-A9C5-452C-951E-4378C5C5EA57}
		{AE52C16D-9465-42CD-9ABE-F858BB3FCE8B} = {31A9E002-B5F2-4A29-88FC-F38E3BE1D481}
		{7EA7C187-9C6E-4B56-ACDB-D90351F1CAF2} = {C6906AC1-A9C5-452C-951E-4378C5C5EA57}
		{EF1C4D75-2A03-4903-ACC3-BAE6FACA04D3} = {C6906AC1-A9C5-452C-951E-4378C5C5EA57}
		{5375292C-E9AE-4DE2-84AB-DACB725AB7F3} = {EF1C4D75-2A03-4903-ACC3-BAE6FACA04D3}
		{D60AF271-29B1-4C5D-9BB5-9A061E1FFC19} = {C6906AC1-A9C5-452C-951E-4378C5C5EA57}
		{A10489A6-D7CD-4C36-9107-DD6B1AEF0C3D} = {D60AF271-29B1-4C5D-9BB5-9A061E1FFC19}
		{73EA8F1D-4980-4B50-88BB-8EC3B0D86662} = {9C898A4D-738D-4ADF-A3B0-CF3E2616DCA4}
		{9D3882EB-930C-4FA0-9CDC-1B0C4115DFA2} = {EBD81BF6-57A5-475C-BD87-7890CCFA120B}
		{2F7502D5-7F23-4BC5-92AA-8BDD99C4173D} = {EBD81BF6-57A5-475C-BD87-7890CCFA120B}
		{626B17BD-02D6-429D-961B-2B3153C31FDE} = {EBD81BF6-57A5-475C-BD87-7890CCFA120B}
		{1F436A12-76E3-4C6A-B4B2-BA4BB88B04C7} = {EBD81BF6-57A5-475C-BD87-7890CCFA120B}
		{B900194D-217B-43FC-A31F-89864805D69F} = {9D3882EB-930C-4FA0-9CDC-1B0C4115DFA2}
		{22EC45E4-2218-4EA7-9A39-FAF167AD1E8F} = {2F7502D5-7F23-4BC5-92AA-8BDD99C4173D}
		{5981C0A4-EA9E-4E88-BD24-38E317DB3C4B} = {626B17BD-02D6-429D-961B-2B3153C31FDE}
		{5EBCC70B-0D8B-472F-9B2C-77C2F3FF461C} = {4059E879-4AB4-4A86-B582-C0FB48937D89}
		{0AFB1351-C776-457F-BECB-A950F70B2707} = {4059E879-4AB4-4A86-B582-C0FB48937D89}
		{9008720C-06DC-4A7B-A9B3-DD0A31926289} = {4059E879-4AB4-4A86-B582-C0FB48937D89}
	EndGlobalSection
	GlobalSection(ExtensibilityGlobals) = postSolution
		SolutionGuid = {057BCEDF-ED43-42D0-9633-A782177DC9A9}
	EndGlobalSection
EndGlobal
